
Microsoft Visual Studio Solution File, Format Version 12.00
# Visual Studio 15
VisualStudioVersion = 15.0.28307.489
MinimumVisualStudioVersion = 10.0.40219.1
Project("{8BC9CEB8-8B4A-11D0-8D11-00A0C91BC942}") = "Inheritance", "Inheritance\Inheritance.vcxproj", "{9DE9E198-21A2-48CF-BC1C-0994D08C6C96}"
EndProject
Global
	GlobalSection(SolutionConfigurationPlatforms) = preSolution
		Debug|x64 = Debug|x64
		Debug|x86 = Debug|x86
		Release|x64 = Release|x64
		Release|x86 = Release|x86
	EndGlobalSection
	GlobalSection(ProjectConfigurationPlatforms) = postSolution
		{9DE9E198-21A2-48CF-BC1C-0994D08C6C96}.Debug|x64.ActiveCfg = Debug|x64
		{9DE9E198-21A2-48CF-BC1C-0994D08C6C96}.Debug|x64.Build.0 = Debug|x64
		{9DE9E198-21A2-48CF-BC1C-0994D08C6C96}.Debug|x86.ActiveCfg = Debug|Win32
		{9DE9E198-21A2-48CF-BC1C-0994D08C6C96}.Debug|x86.Build.0 = Debug|Win32
		{9DE9E198-21A2-48CF-BC1C-0994D08C6C96}.Release|x64.ActiveCfg = Release|x64
		{9DE9E198-21A2-48CF-BC1C-0994D08C6C96}.Release|x64.Build.0 = Release|x64
		{9DE9E198-21A2-48CF-BC1C-0994D08C6C96}.Release|x86.ActiveCfg = Release|Win32
		{9DE9E198-21A2-48CF-BC1C-0994D08C6C96}.Release|x86.Build.0 = Release|Win32
	EndGlobalSection
	GlobalSection(SolutionProperties) = preSolution
		HideSolutionNode = FALSE
	EndGlobalSection
	GlobalSection(ExtensibilityGlobals) = postSolution
		SolutionGuid = {3441BA85-3436-4F24-8E95-05016507147A}
	EndGlobalSection
EndGlobal
